
Microsoft Visual Studio Solution File, Format Version 12.00
# Visual Studio Version 16
VisualStudioVersion = 16.0.32002.261
MinimumVisualStudioVersion = 10.0.40219.1
Project("{FAE04EC0-301F-11D3-BF4B-00C04F79EFBC}") = "Intex", "Intex.csproj", "{DA503321-AC60-4E9C-B274-5834DFE8FE4A}"
EndProject
Global
	GlobalSection(SolutionConfigurationPlatforms) = preSolution
		Debug|Any CPU = Debug|Any CPU
		Release|Any CPU = Release|Any CPU
	EndGlobalSection
	GlobalSection(ProjectConfigurationPlatforms) = postSolution
		{DA503321-AC60-4E9C-B274-5834DFE8FE4A}.Debug|Any CPU.ActiveCfg = Debug|Any CPU
		{DA503321-AC60-4E9C-B274-5834DFE8FE4A}.Debug|Any CPU.Build.0 = Debug|Any CPU
		{DA503321-AC60-4E9C-B274-5834DFE8FE4A}.Release|Any CPU.ActiveCfg = Release|Any CPU
		{DA503321-AC60-4E9C-B274-5834DFE8FE4A}.Release|Any CPU.Build.0 = Release|Any CPU
	EndGlobalSection
	GlobalSection(SolutionProperties) = preSolution
		HideSolutionNode = FALSE
	EndGlobalSection
	GlobalSection(ExtensibilityGlobals) = postSolution
		SolutionGuid = {12C840C7-7B27-40C6-A7D1-8F4C197F5B40}
	EndGlobalSection
EndGlobal
